
Microsoft Visual Studio Solution File, Format Version 12.00
# Visual Studio Version 17
VisualStudioVersion = 17.13.35919.96 d17.13
MinimumVisualStudioVersion = 10.0.40219.1
Project("{FAE04EC0-301F-11D3-BF4B-00C04F79EFBC}") = "StormChasersGroupProject2", "StormChasersGroupProject2.csproj", "{1E37FA75-3BA4-49DF-86C7-6AE405B19071}"
EndProject
Global
	GlobalSection(SolutionConfigurationPlatforms) = preSolution
		Debug|Any CPU = Debug|Any CPU
		Release|Any CPU = Release|Any CPU
	EndGlobalSection
	GlobalSection(ProjectConfigurationPlatforms) = postSolution
		{1E37FA75-3BA4-49DF-86C7-6AE405B19071}.Debug|Any CPU.ActiveCfg = Debug|Any CPU
		{1E37FA75-3BA4-49DF-86C7-6AE405B19071}.Debug|Any CPU.Build.0 = Debug|Any CPU
		{1E37FA75-3BA4-49DF-86C7-6AE405B19071}.Release|Any CPU.ActiveCfg = Release|Any CPU
		{1E37FA75-3BA4-49DF-86C7-6AE405B19071}.Release|Any CPU.Build.0 = Release|Any CPU
	EndGlobalSection
	GlobalSection(SolutionProperties) = preSolution
		HideSolutionNode = FALSE
	EndGlobalSection
	GlobalSection(ExtensibilityGlobals) = postSolution
		SolutionGuid = {5E56ECFE-1DF3-4EB8-8A3C-E0F28A522BBD}
	EndGlobalSection
EndGlobal
